
Microsoft Visual Studio Solution File, Format Version 12.00
# Visual Studio Version 16
VisualStudioVersion = 16.0.30523.141
MinimumVisualStudioVersion = 15.0.26124.0
Project("{2150E333-8FDC-42A3-9474-1A3956D46DE8}") = "src", "src", "{B0B074AC-EA90-4FA0-9AC0-3898D1021126}"
EndProject
Project("{9A19103F-16F7-4668-BE54-9A1E7A4F7556}") = "Uni.Academic.Core", "src\Uni.Academic.Core\Uni.Academic.Core.csproj", "{A6A9DDF3-A00C-492D-B3CA-30C92BA97221}"
EndProject
Project("{9A19103F-16F7-4668-BE54-9A1E7A4F7556}") = "Uni.Academic.Data", "src\Uni.Academic.Data\Uni.Academic.Data.csproj", "{71386251-24E3-4245-A659-2A1F72CB6109}"
EndProject
Project("{9A19103F-16F7-4668-BE54-9A1E7A4F7556}") = "Uni.Academic.IoC", "src\Uni.Academic.IoC\Uni.Academic.IoC.csproj", "{2AA32120-B857-45C7-BF2C-C75C4F20BCDF}"
EndProject
Project("{9A19103F-16F7-4668-BE54-9A1E7A4F7556}") = "Uni.Academic.Shared", "src\Uni.Academic.Shared\Uni.Academic.Shared.csproj", "{1072B3C1-9341-4557-832C-6A82CB784150}"
EndProject
Project("{9A19103F-16F7-4668-BE54-9A1E7A4F7556}") = "Uni.Academic.Web", "src\Uni.Academic.Web\Uni.Academic.Web.csproj", "{F0F2E82E-2069-462D-8BB5-64E4167EE517}"
EndProject
Project("{2150E333-8FDC-42A3-9474-1A3956D46DE8}") = "test", "test", "{C6E5E5C4-6AB7-4024-B88F-4B145FDA9D76}"
EndProject
Project("{9A19103F-16F7-4668-BE54-9A1E7A4F7556}") = "Uni.Academic.Core.Test", "test\Uni.Academic.Core.Test\Uni.Academic.Core.Test.csproj", "{3F18C98C-6984-4554-84B3-B53237DE3965}"
EndProject
Project("{2150E333-8FDC-42A3-9474-1A3956D46DE8}") = "1.0 - Presentation", "1.0 - Presentation", "{DFB239E1-83DC-4EBB-80A1-C95A3AE73369}"
EndProject
Project("{2150E333-8FDC-42A3-9474-1A3956D46DE8}") = "2.0 - Core", "2.0 - Core", "{452910B0-DDB7-4B20-B255-1D22E39B6EE9}"
EndProject
Project("{2150E333-8FDC-42A3-9474-1A3956D46DE8}") = "3.0 - Infra", "3.0 - Infra", "{596611BB-826A-403D-A3A1-0F89A29A9495}"
EndProject
Project("{2150E333-8FDC-42A3-9474-1A3956D46DE8}") = "4.0 - CrossCutting", "4.0 - CrossCutting", "{CF3A4449-AEE5-4006-BBE1-A2FB8F991DBD}"
EndProject
Project("{FAE04EC0-301F-11D3-BF4B-00C04F79EFBC}") = "Uni.Academic.Data.Test", "test\Uni.Academic.Data.Test\Uni.Academic.Data.Test.csproj", "{ECD18131-A9AB-4988-8BA5-2737C74C8C33}"
EndProject
Global
	GlobalSection(SolutionConfigurationPlatforms) = preSolution
		Debug|Any CPU = Debug|Any CPU
		Debug|x64 = Debug|x64
		Debug|x86 = Debug|x86
		Release|Any CPU = Release|Any CPU
		Release|x64 = Release|x64
		Release|x86 = Release|x86
	EndGlobalSection
	GlobalSection(ProjectConfigurationPlatforms) = postSolution
		{A6A9DDF3-A00C-492D-B3CA-30C92BA97221}.Debug|Any CPU.ActiveCfg = Debug|Any CPU
		{A6A9DDF3-A00C-492D-B3CA-30C92BA97221}.Debug|Any CPU.Build.0 = Debug|Any CPU
		{A6A9DDF3-A00C-492D-B3CA-30C92BA97221}.Debug|x64.ActiveCfg = Debug|Any CPU
		{A6A9DDF3-A00C-492D-B3CA-30C92BA97221}.Debug|x64.Build.0 = Debug|Any CPU
		{A6A9DDF3-A00C-492D-B3CA-30C92BA97221}.Debug|x86.ActiveCfg = Debug|Any CPU
		{A6A9DDF3-A00C-492D-B3CA-30C92BA97221}.Debug|x86.Build.0 = Debug|Any CPU
		{A6A9DDF3-A00C-492D-B3CA-30C92BA97221}.Release|Any CPU.ActiveCfg = Release|Any CPU
		{A6A9DDF3-A00C-492D-B3CA-30C92BA97221}.Release|Any CPU.Build.0 = Release|Any CPU
		{A6A9DDF3-A00C-492D-B3CA-30C92BA97221}.Release|x64.ActiveCfg = Release|Any CPU
		{A6A9DDF3-A00C-492D-B3CA-30C92BA97221}.Release|x64.Build.0 = Release|Any CPU
		{A6A9DDF3-A00C-492D-B3CA-30C92BA97221}.Release|x86.ActiveCfg = Release|Any CPU
		{A6A9DDF3-A00C-492D-B3CA-30C92BA97221}.Release|x86.Build.0 = Release|Any CPU
		{71386251-24E3-4245-A659-2A1F72CB6109}.Debug|Any CPU.ActiveCfg = Debug|Any CPU
		{71386251-24E3-4245-A659-2A1F72CB6109}.Debug|Any CPU.Build.0 = Debug|Any CPU
		{71386251-24E3-4245-A659-2A1F72CB6109}.Debug|x64.ActiveCfg = Debug|Any CPU
		{71386251-24E3-4245-A659-2A1F72CB6109}.Debug|x64.Build.0 = Debug|Any CPU
		{71386251-24E3-4245-A659-2A1F72CB6109}.Debug|x86.ActiveCfg = Debug|Any CPU
		{71386251-24E3-4245-A659-2A1F72CB6109}.Debug|x86.Build.0 = Debug|Any CPU
		{71386251-24E3-4245-A659-2A1F72CB6109}.Release|Any CPU.ActiveCfg = Release|Any CPU
		{71386251-24E3-4245-A659-2A1F72CB6109}.Release|Any CPU.Build.0 = Release|Any CPU
		{71386251-24E3-4245-A659-2A1F72CB6109}.Release|x64.ActiveCfg = Release|Any CPU
		{71386251-24E3-4245-A659-2A1F72CB6109}.Release|x64.Build.0 = Release|Any CPU
		{71386251-24E3-4245-A659-2A1F72CB6109}.Release|x86.ActiveCfg = Release|Any CPU
		{71386251-24E3-4245-A659-2A1F72CB6109}.Release|x86.Build.0 = Release|Any CPU
		{2AA32120-B857-45C7-BF2C-C75C4F20BCDF}.Debug|Any CPU.ActiveCfg = Debug|Any CPU
		{2AA32120-B857-45C7-BF2C-C75C4F20BCDF}.Debug|Any CPU.Build.0 = Debug|Any CPU
		{2AA32120-B857-45C7-BF2C-C75C4F20BCDF}.Debug|x64.ActiveCfg = Debug|Any CPU
		{2AA32120-B857-45C7-BF2C-C75C4F20BCDF}.Debug|x64.Build.0 = Debug|Any CPU
		{2AA32120-B857-45C7-BF2C-C75C4F20BCDF}.Debug|x86.ActiveCfg = Debug|Any CPU
		{2AA32120-B857-45C7-BF2C-C75C4F20BCDF}.Debug|x86.Build.0 = Debug|Any CPU
		{2AA32120-B857-45C7-BF2C-C75C4F20BCDF}.Release|Any CPU.ActiveCfg = Release|Any CPU
		{2AA32120-B857-45C7-BF2C-C75C4F20BCDF}.Release|Any CPU.Build.0 = Release|Any CPU
		{2AA32120-B857-45C7-BF2C-C75C4F20BCDF}.Release|x64.ActiveCfg = Release|Any CPU
		{2AA32120-B857-45C7-BF2C-C75C4F20BCDF}.Release|x64.Build.0 = Release|Any CPU
		{2AA32120-B857-45C7-BF2C-C75C4F20BCDF}.Release|x86.ActiveCfg = Release|Any CPU
		{2AA32120-B857-45C7-BF2C-C75C4F20BCDF}.Release|x86.Build.0 = Release|Any CPU
		{1072B3C1-9341-4557-832C-6A82CB784150}.Debug|Any CPU.ActiveCfg = Debug|Any CPU
		{1072B3C1-9341-4557-832C-6A82CB784150}.Debug|Any CPU.Build.0 = Debug|Any CPU
		{1072B3C1-9341-4557-832C-6A82CB784150}.Debug|x64.ActiveCfg = Debug|Any CPU
		{1072B3C1-9341-4557-832C-6A82CB784150}.Debug|x64.Build.0 = Debug|Any CPU
		{1072B3C1-9341-4557-832C-6A82CB784150}.Debug|x86.ActiveCfg = Debug|Any CPU
		{1072B3C1-9341-4557-832C-6A82CB784150}.Debug|x86.Build.0 = Debug|Any CPU
		{1072B3C1-9341-4557-832C-6A82CB784150}.Release|Any CPU.ActiveCfg = Release|Any CPU
		{1072B3C1-9341-4557-832C-6A82CB784150}.Release|Any CPU.Build.0 = Release|Any CPU
		{1072B3C1-9341-4557-832C-6A82CB784150}.Release|x64.ActiveCfg = Release|Any CPU
		{1072B3C1-9341-4557-832C-6A82CB784150}.Release|x64.Build.0 = Release|Any CPU
		{1072B3C1-9341-4557-832C-6A82CB784150}.Release|x86.ActiveCfg = Release|Any CPU
		{1072B3C1-9341-4557-832C-6A82CB784150}.Release|x86.Build.0 = Release|Any CPU
		{F0F2E82E-2069-462D-8BB5-64E4167EE517}.Debug|Any CPU.ActiveCfg = Debug|Any CPU
		{F0F2E82E-2069-462D-8BB5-64E4167EE517}.Debug|Any CPU.Build.0 = Debug|Any CPU
		{F0F2E82E-2069-462D-8BB5-64E4167EE517}.Debug|x64.ActiveCfg = Debug|Any CPU
		{F0F2E82E-2069-462D-8BB5-64E4167EE517}.Debug|x64.Build.0 = Debug|Any CPU
		{F0F2E82E-2069-462D-8BB5-64E4167EE517}.Debug|x86.ActiveCfg = Debug|Any CPU
		{F0F2E82E-2069-462D-8BB5-64E4167EE517}.Debug|x86.Build.0 = Debug|Any CPU
		{F0F2E82E-2069-462D-8BB5-64E4167EE517}.Release|Any CPU.ActiveCfg = Release|Any CPU
		{F0F2E82E-2069-462D-8BB5-64E4167EE517}.Release|Any CPU.Build.0 = Release|Any CPU
		{F0F2E82E-2069-462D-8BB5-64E4167EE517}.Release|x64.ActiveCfg = Release|Any CPU
		{F0F2E82E-2069-462D-8BB5-64E4167EE517}.Release|x64.Build.0 = Release|Any CPU
		{F0F2E82E-2069-462D-8BB5-64E4167EE517}.Release|x86.ActiveCfg = Release|Any CPU
		{F0F2E82E-2069-462D-8BB5-64E4167EE517}.Release|x86.Build.0 = Release|Any CPU
		{3F18C98C-6984-4554-84B3-B53237DE3965}.Debug|Any CPU.ActiveCfg = Debug|Any CPU
		{3F18C98C-6984-4554-84B3-B53237DE3965}.Debug|Any CPU.Build.0 = Debug|Any CPU
		{3F18C98C-6984-4554-84B3-B53237DE3965}.Debug|x64.ActiveCfg = Debug|Any CPU
		{3F18C98C-6984-4554-84B3-B53237DE3965}.Debug|x64.Build.0 = Debug|Any CPU
		{3F18C98C-6984-4554-84B3-B53237DE3965}.Debug|x86.ActiveCfg = Debug|Any CPU
		{3F18C98C-6984-4554-84B3-B53237DE3965}.Debug|x86.Build.0 = Debug|Any CPU
		{3F18C98C-6984-4554-84B3-B53237DE3965}.Release|Any CPU.ActiveCfg = Release|Any CPU
		{3F18C98C-6984-4554-84B3-B53237DE3965}.Release|Any CPU.Build.0 = Release|Any CPU
		{3F18C98C-6984-4554-84B3-B53237DE3965}.Release|x64.ActiveCfg = Release|Any CPU
		{3F18C98C-6984-4554-84B3-B53237DE3965}.Release|x64.Build.0 = Release|Any CPU
		{3F18C98C-6984-4554-84B3-B53237DE3965}.Release|x86.ActiveCfg = Release|Any CPU
		{3F18C98C-6984-4554-84B3-B53237DE3965}.Release|x86.Build.0 = Release|Any CPU
		{ECD18131-A9AB-4988-8BA5-2737C74C8C33}.Debug|Any CPU.ActiveCfg = Debug|Any CPU
		{ECD18131-A9AB-4988-8BA5-2737C74C8C33}.Debug|Any CPU.Build.0 = Debug|Any CPU
		{ECD18131-A9AB-4988-8BA5-2737C74C8C33}.Debug|x64.ActiveCfg = Debug|Any CPU
		{ECD18131-A9AB-4988-8BA5-2737C74C8C33}.Debug|x64.Build.0 = Debug|Any CPU
		{ECD18131-A9AB-4988-8BA5-2737C74C8C33}.Debug|x86.ActiveCfg = Debug|Any CPU
		{ECD18131-A9AB-4988-8BA5-2737C74C8C33}.Debug|x86.Build.0 = Debug|Any CPU
		{ECD18131-A9AB-4988-8BA5-2737C74C8C33}.Release|Any CPU.ActiveCfg = Release|Any CPU
		{ECD18131-A9AB-4988-8BA5-2737C74C8C33}.Release|Any CPU.Build.0 = Release|Any CPU
		{ECD18131-A9AB-4988-8BA5-2737C74C8C33}.Release|x64.ActiveCfg = Release|Any CPU
		{ECD18131-A9AB-4988-8BA5-2737C74C8C33}.Release|x64.Build.0 = Release|Any CPU
		{ECD18131-A9AB-4988-8BA5-2737C74C8C33}.Release|x86.ActiveCfg = Release|Any CPU
		{ECD18131-A9AB-4988-8BA5-2737C74C8C33}.Release|x86.Build.0 = Release|Any CPU
	EndGlobalSection
	GlobalSection(SolutionProperties) = preSolution
		HideSolutionNode = FALSE
	EndGlobalSection
	GlobalSection(NestedProjects) = preSolution
		{A6A9DDF3-A00C-492D-B3CA-30C92BA97221} = {452910B0-DDB7-4B20-B255-1D22E39B6EE9}
		{71386251-24E3-4245-A659-2A1F72CB6109} = {596611BB-826A-403D-A3A1-0F89A29A9495}
		{2AA32120-B857-45C7-BF2C-C75C4F20BCDF} = {CF3A4449-AEE5-4006-BBE1-A2FB8F991DBD}
		{1072B3C1-9341-4557-832C-6A82CB784150} = {CF3A4449-AEE5-4006-BBE1-A2FB8F991DBD}
		{F0F2E82E-2069-462D-8BB5-64E4167EE517} = {DFB239E1-83DC-4EBB-80A1-C95A3AE73369}
		{3F18C98C-6984-4554-84B3-B53237DE3965} = {452910B0-DDB7-4B20-B255-1D22E39B6EE9}
		{DFB239E1-83DC-4EBB-80A1-C95A3AE73369} = {B0B074AC-EA90-4FA0-9AC0-3898D1021126}
		{452910B0-DDB7-4B20-B255-1D22E39B6EE9} = {B0B074AC-EA90-4FA0-9AC0-3898D1021126}
		{596611BB-826A-403D-A3A1-0F89A29A9495} = {B0B074AC-EA90-4FA0-9AC0-3898D1021126}
		{CF3A4449-AEE5-4006-BBE1-A2FB8F991DBD} = {B0B074AC-EA90-4FA0-9AC0-3898D1021126}
		{ECD18131-A9AB-4988-8BA5-2737C74C8C33} = {596611BB-826A-403D-A3A1-0F89A29A9495}
	EndGlobalSection
	GlobalSection(ExtensibilityGlobals) = postSolution
		SolutionGuid = {7A12C662-9554-4A2B-BF80-A72B72F5DA73}
	EndGlobalSection
EndGlobal
